{
  "name": "product_3d",
  "version": "1.0.0",
  "lockfileVersion": 2,
  "requires": true,
  "packages": {
    "": {
      "name": "product_3d",
      "version": "1.0.0",
      "license": "ISC",
      "dependencies": {
        "@headlessui/react": "^1.7.14",
        "@heroicons/react": "^2.0.18",
        "tailwind-scrollbar-hide": "^1.1.7"
      },
      "devDependencies": {
        "husky": "^8.0.3"
      }
    },
    "node_modules/@headlessui/react": {
      "version": "1.7.14",
      "resolved": "https://registry.npmjs.org/@headlessui/react/-/react-1.7.14.tgz",
      "integrity": "sha512-znzdq9PG8rkwcu9oQ2FwIy0ZFtP9Z7ycS+BAqJ3R5EIqC/0bJGvhT7193rFf+45i9nnPsYvCQVW4V/bB9Xc+gA==",
      "dependencies": {
        "client-only": "^0.0.1"
      },
      "engines": {
        "node": ">=10"
      },
      "peerDependencies": {
        "react": "^16 || ^17 || ^18",
        "react-dom": "^16 || ^17 || ^18"
      }
    },
    "node_modules/@heroicons/react": {
      "version": "2.0.18",
      "resolved": "https://registry.npmjs.org/@heroicons/react/-/react-2.0.18.tgz",
      "integrity": "sha512-7TyMjRrZZMBPa+/5Y8lN0iyvUU/01PeMGX2+RE7cQWpEUIcb4QotzUObFkJDejj/HUH4qjP/eQ0gzzKs2f+6Yw==",
      "peerDependencies": {
        "react": ">= 16"
      }
    },
    "node_modules/client-only": {
      "version": "0.0.1",
      "resolved": "https://registry.npmjs.org/client-only/-/client-only-0.0.1.tgz",
      "integrity": "sha512-IV3Ou0jSMzZrd3pZ48nLkT9DA7Ag1pnPzaiQhpW7c3RbcqqzvzzVu+L8gfqMp/8IM2MQtSiqaCxrrcfu8I8rMA=="
    },
    "node_modules/husky": {
      "version": "8.0.3",
      "resolved": "https://registry.npmjs.org/husky/-/husky-8.0.3.tgz",
      "integrity": "sha512-+dQSyqPh4x1hlO1swXBiNb2HzTDN1I2IGLQx1GrBuiqFJfoMrnZWwVmatvSiO+Iz8fBUnf+lekwNo4c2LlXItg==",
      "dev": true,
      "bin": {
        "husky": "lib/bin.js"
      },
      "engines": {
        "node": ">=14"
      },
      "funding": {
        "url": "https://github.com/sponsors/typicode"
      }
    },
    "node_modules/js-tokens": {
      "version": "4.0.0",
      "resolved": "https://registry.npmjs.org/js-tokens/-/js-tokens-4.0.0.tgz",
      "integrity": "sha512-RdJUflcE3cUzKiMqQgsCu06FPu9UdIJO0beYbPhHN4k6apgJtifcoCtT9bcxOpYBtpD2kCM6Sbzg4CausW/PKQ==",
      "peer": true
    },
    "node_modules/loose-envify": {
      "version": "1.4.0",
      "resolved": "https://registry.npmjs.org/loose-envify/-/loose-envify-1.4.0.tgz",
      "integrity": "sha512-lyuxPGr/Wfhrlem2CL/UcnUc1zcqKAImBDzukY7Y5F/yQiNdko6+fRLevlw1HgMySw7f611UIY408EtxRSoK3Q==",
      "peer": true,
      "dependencies": {
        "js-tokens": "^3.0.0 || ^4.0.0"
      },
      "bin": {
        "loose-envify": "cli.js"
      }
    },
    "node_modules/react": {
      "version": "18.2.0",
      "resolved": "https://registry.npmjs.org/react/-/react-18.2.0.tgz",
      "integrity": "sha512-/3IjMdb2L9QbBdWiW5e3P2/npwMBaU9mHCSCUzNln0ZCYbcfTsGbTJrU/kGemdH2IWmB2ioZ+zkxtmq6g09fGQ==",
      "peer": true,
      "dependencies": {
        "loose-envify": "^1.1.0"
      },
      "engines": {
        "node": ">=0.10.0"
      }
    },
    "node_modules/react-dom": {
      "version": "18.2.0",
      "resolved": "https://registry.npmjs.org/react-dom/-/react-dom-18.2.0.tgz",
      "integrity": "sha512-6IMTriUmvsjHUjNtEDudZfuDQUoWXVxKHhlEGSk81n4YFS+r/Kl99wXiwlVXtPBtJenozv2P+hxDsw9eA7Xo6g==",
      "peer": true,
      "dependencies": {
        "loose-envify": "^1.1.0",
        "scheduler": "^0.23.0"
      },
      "peerDependencies": {
        "react": "^18.2.0"
      }
    },
    "node_modules/scheduler": {
      "version": "0.23.0",
      "resolved": "https://registry.npmjs.org/scheduler/-/scheduler-0.23.0.tgz",
      "integrity": "sha512-CtuThmgHNg7zIZWAXi3AsyIzA3n4xx7aNyjwC2VJldO2LMVDhFK+63xGqq6CsJH4rTAt6/M+N4GhZiDYPx9eUw==",
      "peer": true,
      "dependencies": {
        "loose-envify": "^1.1.0"
      }
    },
    "node_modules/tailwind-scrollbar-hide": {
      "version": "1.1.7",
      "resolved": "https://registry.npmjs.org/tailwind-scrollbar-hide/-/tailwind-scrollbar-hide-1.1.7.tgz",
      "integrity": "sha512-X324n9OtpTmOMqEgDUEA/RgLrNfBF/jwJdctaPZDzB3mppxJk7TLIDmOreEDm1Bq4R9LSPu4Epf8VSdovNU+iA=="
    }
  },
  "dependencies": {
    "@headlessui/react": {
      "version": "1.7.14",
      "resolved": "https://registry.npmjs.org/@headlessui/react/-/react-1.7.14.tgz",
      "integrity": "sha512-znzdq9PG8rkwcu9oQ2FwIy0ZFtP9Z7ycS+BAqJ3R5EIqC/0bJGvhT7193rFf+45i9nnPsYvCQVW4V/bB9Xc+gA==",
      "requires": {
        "client-only": "^0.0.1"
      }
    },
    "@heroicons/react": {
      "version": "2.0.18",
      "resolved": "https://registry.npmjs.org/@heroicons/react/-/react-2.0.18.tgz",
      "integrity": "sha512-7TyMjRrZZMBPa+/5Y8lN0iyvUU/01PeMGX2+RE7cQWpEUIcb4QotzUObFkJDejj/HUH4qjP/eQ0gzzKs2f+6Yw==",
      "requires": {}
    },
    "client-only": {
      "version": "0.0.1",
      "resolved": "https://registry.npmjs.org/client-only/-/client-only-0.0.1.tgz",
      "integrity": "sha512-IV3Ou0jSMzZrd3pZ48nLkT9DA7Ag1pnPzaiQhpW7c3RbcqqzvzzVu+L8gfqMp/8IM2MQtSiqaCxrrcfu8I8rMA=="
    },
    "husky": {
      "version": "8.0.3",
      "resolved": "https://registry.npmjs.org/husky/-/husky-8.0.3.tgz",
      "integrity": "sha512-+dQSyqPh4x1hlO1swXBiNb2HzTDN1I2IGLQx1GrBuiqFJfoMrnZWwVmatvSiO+Iz8fBUnf+lekwNo4c2LlXItg==",
      "dev": true
    },
    "js-tokens": {
      "version": "4.0.0",
      "resolved": "https://registry.npmjs.org/js-tokens/-/js-tokens-4.0.0.tgz",
      "integrity": "sha512-RdJUflcE3cUzKiMqQgsCu06FPu9UdIJO0beYbPhHN4k6apgJtifcoCtT9bcxOpYBtpD2kCM6Sbzg4CausW/PKQ==",
      "peer": true
    },
    "loose-envify": {
      "version": "1.4.0",
      "resolved": "https://registry.npmjs.org/loose-envify/-/loose-envify-1.4.0.tgz",
      "integrity": "sha512-lyuxPGr/Wfhrlem2CL/UcnUc1zcqKAImBDzukY7Y5F/yQiNdko6+fRLevlw1HgMySw7f611UIY408EtxRSoK3Q==",
      "peer": true,
      "requires": {
        "js-tokens": "^3.0.0 || ^4.0.0"
      }
    },
    "react": {
      "version": "18.2.0",
      "resolved": "https://registry.npmjs.org/react/-/react-18.2.0.tgz",
      "integrity": "sha512-/3IjMdb2L9QbBdWiW5e3P2/npwMBaU9mHCSCUzNln0ZCYbcfTsGbTJrU/kGemdH2IWmB2ioZ+zkxtmq6g09fGQ==",
      "peer": true,
      "requires": {
        "loose-envify": "^1.1.0"
      }
    },
    "react-dom": {
      "version": "18.2.0",
      "resolved": "https://registry.npmjs.org/react-dom/-/react-dom-18.2.0.tgz",
      "integrity": "sha512-6IMTriUmvsjHUjNtEDudZfuDQUoWXVxKHhlEGSk81n4YFS+r/Kl99wXiwlVXtPBtJenozv2P+hxDsw9eA7Xo6g==",
      "peer": true,
      "requires": {
        "loose-envify": "^1.1.0",
        "scheduler": "^0.23.0"
      }
    },
    "scheduler": {
      "version": "0.23.0",
      "resolved": "https://registry.npmjs.org/scheduler/-/scheduler-0.23.0.tgz",
      "integrity": "sha512-CtuThmgHNg7zIZWAXi3AsyIzA3n4xx7aNyjwC2VJldO2LMVDhFK+63xGqq6CsJH4rTAt6/M+N4GhZiDYPx9eUw==",
      "peer": true,
      "requires": {
        "loose-envify": "^1.1.0"
      }
    },
    "tailwind-scrollbar-hide": {
      "version": "1.1.7",
      "resolved": "https://registry.npmjs.org/tailwind-scrollbar-hide/-/tailwind-scrollbar-hide-1.1.7.tgz",
      "integrity": "sha512-X324n9OtpTmOMqEgDUEA/RgLrNfBF/jwJdctaPZDzB3mppxJk7TLIDmOreEDm1Bq4R9LSPu4Epf8VSdovNU+iA=="
    }
  }
}
